// !$*UTF8*$!
{
	archiveVersion = 1;
	classes = {
	};
	objectVersion = 56;
	objects = {

/* Begin PBXBuildFile section */
		3D2E868D2A2A434500325350 /* FavoriteButton.swift in Sources */ = {isa = PBXBuildFile; fileRef = 3D2E868C2A2A434500325350 /* FavoriteButton.swift */; };
		3D8086B029F0170500004441 /* LandmarksApp.swift in Sources */ = {isa = PBXBuildFile; fileRef = 3D8086AF29F0170500004441 /* LandmarksApp.swift */; };
		3D8086B229F0170500004441 /* ContentView.swift in Sources */ = {isa = PBXBuildFile; fileRef = 3D8086B129F0170500004441 /* ContentView.swift */; };
		3D8086B429F0170700004441 /* Assets.xcassets in Resources */ = {isa = PBXBuildFile; fileRef = 3D8086B329F0170700004441 /* Assets.xcassets */; };
		3D8086B729F0170700004441 /* Preview Assets.xcassets in Resources */ = {isa = PBXBuildFile; fileRef = 3D8086B629F0170700004441 /* Preview Assets.xcassets */; };
		3D8086BE29F3FD8700004441 /* CircleImage.swift in Sources */ = {isa = PBXBuildFile; fileRef = 3D8086BD29F3FD8700004441 /* CircleImage.swift */; };
		3D8086C02A074B4A00004441 /* MapView.swift in Sources */ = {isa = PBXBuildFile; fileRef = 3D8086BF2A074B4A00004441 /* MapView.swift */; };
		3D8086E12A07CFA500004441 /* landmarkData.json in Resources */ = {isa = PBXBuildFile; fileRef = 3D8086D42A07CFA500004441 /* landmarkData.json */; };
		3D8086E32A07D1C200004441 /* ModelData.swift in Sources */ = {isa = PBXBuildFile; fileRef = 3D8086E22A07D1C200004441 /* ModelData.swift */; };
		3D8086E82A07F08100004441 /* LandmarkRow.swift in Sources */ = {isa = PBXBuildFile; fileRef = 3D8086E72A07F08100004441 /* LandmarkRow.swift */; };
		3DF8E3B42A14F3D500C0B156 /* Landmark.swift in Sources */ = {isa = PBXBuildFile; fileRef = 3DF8E3B32A14F3D500C0B156 /* Landmark.swift */; };
		3DF8E3B62A14F74F00C0B156 /* LandmarkList.swift in Sources */ = {isa = PBXBuildFile; fileRef = 3DF8E3B52A14F74F00C0B156 /* LandmarkList.swift */; };
		3DF8E3B82A18737400C0B156 /* LandmarkDetail.swift in Sources */ = {isa = PBXBuildFile; fileRef = 3DF8E3B72A18737400C0B156 /* LandmarkDetail.swift */; };
/* End PBXBuildFile section */

/* Begin PBXFileReference section */
		3D2E868C2A2A434500325350 /* FavoriteButton.swift */ = {isa = PBXFileReference; lastKnownFileType = sourcecode.swift; path = FavoriteButton.swift; sourceTree = "<group>"; };
		3D8086AC29F0170500004441 /* Landmarks.app */ = {isa = PBXFileReference; explicitFileType = wrapper.application; includeInIndex = 0; path = Landmarks.app; sourceTree = BUILT_PRODUCTS_DIR; };
		3D8086AF29F0170500004441 /* LandmarksApp.swift */ = {isa = PBXFileReference; lastKnownFileType = sourcecode.swift; path = LandmarksApp.swift; sourceTree = "<group>"; };
		3D8086B129F0170500004441 /* ContentView.swift */ = {isa = PBXFileReference; lastKnownFileType = sourcecode.swift; path = ContentView.swift; sourceTree = "<group>"; };
		3D8086B329F0170700004441 /* Assets.xcassets */ = {isa = PBXFileReference; lastKnownFileType = folder.assetcatalog; path = Assets.xcassets; sourceTree = "<group>"; };
		3D8086B629F0170700004441 /* Preview Assets.xcassets */ = {isa = PBXFileReference; lastKnownFileType = folder.assetcatalog; path = "Preview Assets.xcassets"; sourceTree = "<group>"; };
		3D8086BD29F3FD8700004441 /* CircleImage.swift */ = {isa = PBXFileReference; lastKnownFileType = sourcecode.swift; path = CircleImage.swift; sourceTree = "<group>"; };
		3D8086BF2A074B4A00004441 /* MapView.swift */ = {isa = PBXFileReference; lastKnownFileType = sourcecode.swift; path = MapView.swift; sourceTree = "<group>"; };
		3D8086D42A07CFA500004441 /* landmarkData.json */ = {isa = PBXFileReference; fileEncoding = 4; lastKnownFileType = text.json; path = landmarkData.json; sourceTree = "<group>"; };
		3D8086E22A07D1C200004441 /* ModelData.swift */ = {isa = PBXFileReference; lastKnownFileType = sourcecode.swift; path = ModelData.swift; sourceTree = "<group>"; };
		3D8086E72A07F08100004441 /* LandmarkRow.swift */ = {isa = PBXFileReference; lastKnownFileType = sourcecode.swift; path = LandmarkRow.swift; sourceTree = "<group>"; };
		3DF8E3B32A14F3D500C0B156 /* Landmark.swift */ = {isa = PBXFileReference; lastKnownFileType = sourcecode.swift; path = Landmark.swift; sourceTree = "<group>"; };
		3DF8E3B52A14F74F00C0B156 /* LandmarkList.swift */ = {isa = PBXFileReference; lastKnownFileType = sourcecode.swift; path = LandmarkList.swift; sourceTree = "<group>"; };
		3DF8E3B72A18737400C0B156 /* LandmarkDetail.swift */ = {isa = PBXFileReference; lastKnownFileType = sourcecode.swift; path = LandmarkDetail.swift; sourceTree = "<group>"; };
/* End PBXFileReference section */

/* Begin PBXFrameworksBuildPhase section */
		3D8086A929F0170500004441 /* Frameworks */ = {
			isa = PBXFrameworksBuildPhase;
			buildActionMask = 2147483647;
			files = (
			);
			runOnlyForDeploymentPostprocessing = 0;
		};
/* End PBXFrameworksBuildPhase section */

/* Begin PBXGroup section */
		3D2E868E2A2A43FD00325350 /* Landmarks */ = {
			isa = PBXGroup;
			children = (
				3D8086E72A07F08100004441 /* LandmarkRow.swift */,
				3DF8E3B52A14F74F00C0B156 /* LandmarkList.swift */,
				3DF8E3B72A18737400C0B156 /* LandmarkDetail.swift */,
			);
			path = Landmarks;
			sourceTree = "<group>";
		};
		3D2E868F2A2A441A00325350 /* Helpers */ = {
			isa = PBXGroup;
			children = (
				3D8086BD29F3FD8700004441 /* CircleImage.swift */,
				3D8086BF2A074B4A00004441 /* MapView.swift */,
				3D2E868C2A2A434500325350 /* FavoriteButton.swift */,
			);
			path = Helpers;
			sourceTree = "<group>";
		};
		3D8086A329F0170500004441 = {
			isa = PBXGroup;
			children = (
				3D8086AE29F0170500004441 /* Landmarks */,
				3D8086AD29F0170500004441 /* Products */,
			);
			sourceTree = "<group>";
		};
		3D8086AD29F0170500004441 /* Products */ = {
			isa = PBXGroup;
			children = (
				3D8086AC29F0170500004441 /* Landmarks.app */,
			);
			name = Products;
			sourceTree = "<group>";
		};
		3D8086AE29F0170500004441 /* Landmarks */ = {
			isa = PBXGroup;
			children = (
				3D8086E62A07DD7A00004441 /* Resources */,
				3D8086E52A07DD5C00004441 /* Model */,
				3D8086AF29F0170500004441 /* LandmarksApp.swift */,
				3D8086B329F0170700004441 /* Assets.xcassets */,
				3D8086B529F0170700004441 /* Preview Content */,
				3D8086E42A07DD3B00004441 /* Views */,
			);
			path = Landmarks;
			sourceTree = "<group>";
		};
		3D8086B529F0170700004441 /* Preview Content */ = {
			isa = PBXGroup;
			children = (
				3D8086B629F0170700004441 /* Preview Assets.xcassets */,
			);
			path = "Preview Content";
			sourceTree = "<group>";
		};
		3D8086E42A07DD3B00004441 /* Views */ = {
			isa = PBXGroup;
			children = (
				3D2E868E2A2A43FD00325350 /* Landmarks */,
				3D2E868F2A2A441A00325350 /* Helpers */,
				3D8086B129F0170500004441 /* ContentView.swift */,
			);
			path = Views;
			sourceTree = "<group>";
		};
		3D8086E52A07DD5C00004441 /* Model */ = {
			isa = PBXGroup;
			children = (
				3D8086E22A07D1C200004441 /* ModelData.swift */,
				3DF8E3B32A14F3D500C0B156 /* Landmark.swift */,
			);
			path = Model;
			sourceTree = "<group>";
		};
		3D8086E62A07DD7A00004441 /* Resources */ = {
			isa = PBXGroup;
			children = (
				3D8086D42A07CFA500004441 /* landmarkData.json */,
			);
			path = Resources;
			sourceTree = "<group>";
		};
/* End PBXGroup section */

/* Begin PBXNativeTarget section */
		3D8086AB29F0170500004441 /* Landmarks */ = {
			isa = PBXNativeTarget;
			buildConfigurationList = 3D8086BA29F0170700004441 /* Build configuration list for PBXNativeTarget "Landmarks" */;
			buildPhases = (
				3D8086A829F0170500004441 /* Sources */,
				3D8086A929F0170500004441 /* Frameworks */,
				3D8086AA29F0170500004441 /* Resources */,
			);
			buildRules = (
			);
			dependencies = (
			);
			name = Landmarks;
			productName = Landmarks;
			productReference = 3D8086AC29F0170500004441 /* Landmarks.app */;
			productType = "com.apple.product-type.application";
		};
/* End PBXNativeTarget section */

/* Begin PBXProject section */
		3D8086A429F0170500004441 /* Project object */ = {
			isa = PBXProject;
			attributes = {
				BuildIndependentTargetsInParallel = 1;
				LastSwiftUpdateCheck = 1430;
				LastUpgradeCheck = 1430;
				TargetAttributes = {
					3D8086AB29F0170500004441 = {
						CreatedOnToolsVersion = 14.3;
					};
				};
			};
			buildConfigurationList = 3D8086A729F0170500004441 /* Build configuration list for PBXProject "Landmarks" */;
			compatibilityVersion = "Xcode 14.0";
			developmentRegion = en;
			hasScannedForEncodings = 0;
			knownRegions = (
				en,
				Base,
			);
			mainGroup = 3D8086A329F0170500004441;
			productRefGroup = 3D8086AD29F0170500004441 /* Products */;
			projectDirPath = "";
			projectRoot = "";
			targets = (
				3D8086AB29F0170500004441 /* Landmarks */,
			);
		};
/* End PBXProject section */

/* Begin PBXResourcesBuildPhase section */
		3D8086AA29F0170500004441 /* Resources */ = {
			isa = PBXResourcesBuildPhase;
			buildActionMask = 2147483647;
			files = (
				3D8086B729F0170700004441 /* Preview Assets.xcassets in Resources */,
				3D8086B429F0170700004441 /* Assets.xcassets in Resources */,
				3D8086E12A07CFA500004441 /* landmarkData.json in Resources */,
			);
			runOnlyForDeploymentPostprocessing = 0;
		};
/* End PBXResourcesBuildPhase section */

/* Begin PBXSourcesBuildPhase section */
		3D8086A829F0170500004441 /* Sources */ = {
			isa = PBXSourcesBuildPhase;
			buildActionMask = 2147483647;
			files = (
				3DF8E3B42A14F3D500C0B156 /* Landmark.swift in Sources */,
				3D8086B229F0170500004441 /* ContentView.swift in Sources */,
				3D8086C02A074B4A00004441 /* MapView.swift in Sources */,
				3D2E868D2A2A434500325350 /* FavoriteButton.swift in Sources */,
				3DF8E3B62A14F74F00C0B156 /* LandmarkList.swift in Sources */,
				3DF8E3B82A18737400C0B156 /* LandmarkDetail.swift in Sources */,
				3D8086B029F0170500004441 /* LandmarksApp.swift in Sources */,
				3D8086BE29F3FD8700004441 /* CircleImage.swift in Sources */,
				3D8086E82A07F08100004441 /* LandmarkRow.swift in Sources */,
				3D8086E32A07D1C200004441 /* ModelData.swift in Sources */,
			);
			runOnlyForDeploymentPostprocessing = 0;
		};
/* End PBXSourcesBuildPhase section */

/* Begin XCBuildConfiguration section */
		3D8086B829F0170700004441 /* Debug */ = {
			isa = XCBuildConfiguration;
			buildSettings = {
				ALWAYS_SEARCH_USER_PATHS = NO;
				CLANG_ANALYZER_NONNULL = YES;
				CLANG_ANALYZER_NUMBER_OBJECT_CONVERSION = YES_AGGRESSIVE;
				CLANG_CXX_LANGUAGE_STANDARD = "gnu++20";
				CLANG_ENABLE_MODULES = YES;
				CLANG_ENABLE_OBJC_ARC = YES;
				CLANG_ENABLE_OBJC_WEAK = YES;
				CLANG_WARN_BLOCK_CAPTURE_AUTORELEASING = YES;
				CLANG_WARN_BOOL_CONVERSION = YES;
				CLANG_WARN_COMMA = YES;
				CLANG_WARN_CONSTANT_CONVERSION = YES;
				CLANG_WARN_DEPRECATED_OBJC_IMPLEMENTATIONS = YES;
				CLANG_WARN_DIRECT_OBJC_ISA_USAGE = YES_ERROR;
				CLANG_WARN_DOCUMENTATION_COMMENTS = YES;
				CLANG_WARN_EMPTY_BODY = YES;
				CLANG_WARN_ENUM_CONVERSION = YES;
				CLANG_WARN_INFINITE_RECURSION = YES;
				CLANG_WARN_INT_CONVERSION = YES;
				CLANG_WARN_NON_LITERAL_NULL_CONVERSION = YES;
				CLANG_WARN_OBJC_IMPLICIT_RETAIN_SELF = YES;
				CLANG_WARN_OBJC_LITERAL_CONVERSION = YES;
				CLANG_WARN_OBJC_ROOT_CLASS = YES_ERROR;
				CLANG_WARN_QUOTED_INCLUDE_IN_FRAMEWORK_HEADER = YES;
				CLANG_WARN_RANGE_LOOP_ANALYSIS = YES;
				CLANG_WARN_STRICT_PROTOTYPES = YES;
				CLANG_WARN_SUSPICIOUS_MOVE = YES;
				CLANG_WARN_UNGUARDED_AVAILABILITY = YES_AGGRESSIVE;
				CLANG_WARN_UNREACHABLE_CODE = YES;
				CLANG_WARN__DUPLICATE_METHOD_MATCH = YES;
				COPY_PHASE_STRIP = NO;
				DEBUG_INFORMATION_FORMAT = dwarf;
				ENABLE_STRICT_OBJC_MSGSEND = YES;
				ENABLE_TESTABILITY = YES;
				GCC_C_LANGUAGE_STANDARD = gnu11;
				GCC_DYNAMIC_NO_PIC = NO;
				GCC_NO_COMMON_BLOCKS = YES;
				GCC_OPTIMIZATION_LEVEL = 0;
				GCC_PREPROCESSOR_DEFINITIONS = (
					"DEBUG=1",
					"$(inherited)",
				);
				GCC_WARN_64_TO_32_BIT_CONVERSION = YES;
				GCC_WARN_ABOUT_RETURN_TYPE = YES_ERROR;
				GCC_WARN_UNDECLARED_SELECTOR = YES;
				GCC_WARN_UNINITIALIZED_AUTOS = YES_AGGRESSIVE;
				GCC_WARN_UNUSED_FUNCTION = YES;
				GCC_WARN_UNUSED_VARIABLE = YES;
				IPHONEOS_DEPLOYMENT_TARGET = 16.4;
				MTL_ENABLE_DEBUG_INFO = INCLUDE_SOURCE;
				MTL_FAST_MATH = YES;
				ONLY_ACTIVE_ARCH = YES;
				SDKROOT = iphoneos;
				SWIFT_ACTIVE_COMPILATION_CONDITIONS = DEBUG;
				SWIFT_OPTIMIZATION_LEVEL = "-Onone";
			};
			name = Debug;
		};
		3D8086B929F0170700004441 /* Release */ = {
			isa = XCBuildConfiguration;
			buildSettings = {
				ALWAYS_SEARCH_USER_PATHS = NO;
				CLANG_ANALYZER_NONNULL = YES;
				CLANG_ANALYZER_NUMBER_OBJECT_CONVERSION = YES_AGGRESSIVE;
				CLANG_CXX_LANGUAGE_STANDARD = "gnu++20";
				CLANG_ENABLE_MODULES = YES;
				CLANG_ENABLE_OBJC_ARC = YES;
				CLANG_ENABLE_OBJC_WEAK = YES;
				CLANG_WARN_BLOCK_CAPTURE_AUTORELEASING = YES;
				CLANG_WARN_BOOL_CONVERSION = YES;
				CLANG_WARN_COMMA = YES;
				CLANG_WARN_CONSTANT_CONVERSION = YES;
				CLANG_WARN_DEPRECATED_OBJC_IMPLEMENTATIONS = YES;
				CLANG_WARN_DIRECT_OBJC_ISA_USAGE = YES_ERROR;
				CLANG_WARN_DOCUMENTATION_COMMENTS = YES;
				CLANG_WARN_EMPTY_BODY = YES;
				CLANG_WARN_ENUM_CONVERSION = YES;
				CLANG_WARN_INFINITE_RECURSION = YES;
				CLANG_WARN_INT_CONVERSION = YES;
				CLANG_WARN_NON_LITERAL_NULL_CONVERSION = YES;
				CLANG_WARN_OBJC_IMPLICIT_RETAIN_SELF = YES;
				CLANG_WARN_OBJC_LITERAL_CONVERSION = YES;
				CLANG_WARN_OBJC_ROOT_CLASS = YES_ERROR;
				CLANG_WARN_QUOTED_INCLUDE_IN_FRAMEWORK_HEADER = YES;
				CLANG_WARN_RANGE_LOOP_ANALYSIS = YES;
				CLANG_WARN_STRICT_PROTOTYPES = YES;
				CLANG_WARN_SUSPICIOUS_MOVE = YES;
				CLANG_WARN_UNGUARDED_AVAILABILITY = YES_AGGRESSIVE;
				CLANG_WARN_UNREACHABLE_CODE = YES;
				CLANG_WARN__DUPLICATE_METHOD_MATCH = YES;
				COPY_PHASE_STRIP = NO;
				DEBUG_INFORMATION_FORMAT = "dwarf-with-dsym";
				ENABLE_NS_ASSERTIONS = NO;
				ENABLE_STRICT_OBJC_MSGSEND = YES;
				GCC_C_LANGUAGE_STANDARD = gnu11;
				GCC_NO_COMMON_BLOCKS = YES;
				GCC_WARN_64_TO_32_BIT_CONVERSION = YES;
				GCC_WARN_ABOUT_RETURN_TYPE = YES_ERROR;
				GCC_WARN_UNDECLARED_SELECTOR = YES;
				GCC_WARN_UNINITIALIZED_AUTOS = YES_AGGRESSIVE;
				GCC_WARN_UNUSED_FUNCTION = YES;
				GCC_WARN_UNUSED_VARIABLE = YES;
				IPHONEOS_DEPLOYMENT_TARGET = 16.4;
				MTL_ENABLE_DEBUG_INFO = NO;
				MTL_FAST_MATH = YES;
				SDKROOT = iphoneos;
				SWIFT_COMPILATION_MODE = wholemodule;
				SWIFT_OPTIMIZATION_LEVEL = "-O";
				VALIDATE_PRODUCT = YES;
			};
			name = Release;
		};
		3D8086BB29F0170700004441 /* Debug */ = {
			isa = XCBuildConfiguration;
			buildSettings = {
				ASSETCATALOG_COMPILER_APPICON_NAME = AppIcon;
				ASSETCATALOG_COMPILER_GLOBAL_ACCENT_COLOR_NAME = AccentColor;
				CODE_SIGN_STYLE = Automatic;
				CURRENT_PROJECT_VERSION = 1;
				DEVELOPMENT_ASSET_PATHS = "\"Landmarks/Preview Content\"";
				ENABLE_PREVIEWS = YES;
				GENERATE_INFOPLIST_FILE = YES;
				INFOPLIST_KEY_UIApplicationSceneManifest_Generation = YES;
				INFOPLIST_KEY_UIApplicationSupportsIndirectInputEvents = YES;
				INFOPLIST_KEY_UILaunchScreen_Generation = YES;
				INFOPLIST_KEY_UISupportedInterfaceOrientations_iPad = "UIInterfaceOrientationPortrait UIInterfaceOrientationPortraitUpsideDown UIInterfaceOrientationLandscapeLeft UIInterfaceOrientationLandscapeRight";
				INFOPLIST_KEY_UISupportedInterfaceOrientations_iPhone = "UIInterfaceOrientationPortrait UIInterfaceOrientationLandscapeLeft UIInterfaceOrientationLandscapeRight";
				LD_RUNPATH_SEARCH_PATHS = (
					"$(inherited)",
					"@executable_path/Frameworks",
				);
				MARKETING_VERSION = 1.0;
				PRODUCT_BUNDLE_IDENTIFIER = com.ypjalt.Landmarks;
				PRODUCT_NAME = "$(TARGET_NAME)";
				SWIFT_EMIT_LOC_STRINGS = YES;
				SWIFT_VERSION = 5.0;
				TARGETED_DEVICE_FAMILY = "1,2";
			};
			name = Debug;
		};
		3D8086BC29F0170700004441 /* Release */ = {
			isa = XCBuildConfiguration;
			buildSettings = {
				ASSETCATALOG_COMPILER_APPICON_NAME = AppIcon;
				ASSETCATALOG_COMPILER_GLOBAL_ACCENT_COLOR_NAME = AccentColor;
				CODE_SIGN_STYLE = Automatic;
				CURRENT_PROJECT_VERSION = 1;
				DEVELOPMENT_ASSET_PATHS = "\"Landmarks/Preview Content\"";
				ENABLE_PREVIEWS = YES;
				GENERATE_INFOPLIST_FILE = YES;
				INFOPLIST_KEY_UIApplicationSceneManifest_Generation = YES;
				INFOPLIST_KEY_UIApplicationSupportsIndirectInputEvents = YES;
				INFOPLIST_KEY_UILaunchScreen_Generation = YES;
				INFOPLIST_KEY_UISupportedInterfaceOrientations_iPad = "UIInterfaceOrientationPortrait UIInterfaceOrientationPortraitUpsideDown UIInterfaceOrientationLandscapeLeft UIInterfaceOrientationLandscapeRight";
				INFOPLIST_KEY_UISupportedInterfaceOrientations_iPhone = "UIInterfaceOrientationPortrait UIInterfaceOrientationLandscapeLeft UIInterfaceOrientationLandscapeRight";
				LD_RUNPATH_SEARCH_PATHS = (
					"$(inherited)",
					"@executable_path/Frameworks",
				);
				MARKETING_VERSION = 1.0;
				PRODUCT_BUNDLE_IDENTIFIER = com.ypjalt.Landmarks;
				PRODUCT_NAME = "$(TARGET_NAME)";
				SWIFT_EMIT_LOC_STRINGS = YES;
				SWIFT_VERSION = 5.0;
				TARGETED_DEVICE_FAMILY = "1,2";
			};
			name = Release;
		};
/* End XCBuildConfiguration section */

/* Begin XCConfigurationList section */
		3D8086A729F0170500004441 /* Build configuration list for PBXProject "Landmarks" */ = {
			isa = XCConfigurationList;
			buildConfigurations = (
				3D8086B829F0170700004441 /* Debug */,
				3D8086B929F0170700004441 /* Release */,
			);
			defaultConfigurationIsVisible = 0;
			defaultConfigurationName = Release;
		};
		3D8086BA29F0170700004441 /* Build configuration list for PBXNativeTarget "Landmarks" */ = {
			isa = XCConfigurationList;
			buildConfigurations = (
				3D8086BB29F0170700004441 /* Debug */,
				3D8086BC29F0170700004441 /* Release */,
			);
			defaultConfigurationIsVisible = 0;
			defaultConfigurationName = Release;
		};
/* End XCConfigurationList section */
	};
	rootObject = 3D8086A429F0170500004441 /* Project object */;
}
